
Microsoft Visual Studio Solution File, Format Version 12.00
# Visual Studio Version 17
VisualStudioVersion = 17.12.35527.113 d17.12
MinimumVisualStudioVersion = 10.0.40219.1
Project("{FAE04EC0-301F-11D3-BF4B-00C04F79EFBC}") = "GradesApp", "GradesApp.csproj", "{DE06778D-224B-4296-BAB5-1125AFBFFACA}"
EndProject
Project("{FAE04EC0-301F-11D3-BF4B-00C04F79EFBC}") = "Grades.Tests", "..\Grades.Tests\Grades.Tests.csproj", "{182A4A86-000D-461E-8756-4BABADFF03AC}"
EndProject
Global
	GlobalSection(SolutionConfigurationPlatforms) = preSolution
		Debug|Any CPU = Debug|Any CPU
		Release|Any CPU = Release|Any CPU
	EndGlobalSection
	GlobalSection(ProjectConfigurationPlatforms) = postSolution
		{DE06778D-224B-4296-BAB5-1125AFBFFACA}.Debug|Any CPU.ActiveCfg = Debug|Any CPU
		{DE06778D-224B-4296-BAB5-1125AFBFFACA}.Debug|Any CPU.Build.0 = Debug|Any CPU
		{DE06778D-224B-4296-BAB5-1125AFBFFACA}.Release|Any CPU.ActiveCfg = Release|Any CPU
		{DE06778D-224B-4296-BAB5-1125AFBFFACA}.Release|Any CPU.Build.0 = Release|Any CPU
		{182A4A86-000D-461E-8756-4BABADFF03AC}.Debug|Any CPU.ActiveCfg = Debug|Any CPU
		{182A4A86-000D-461E-8756-4BABADFF03AC}.Debug|Any CPU.Build.0 = Debug|Any CPU
		{182A4A86-000D-461E-8756-4BABADFF03AC}.Release|Any CPU.ActiveCfg = Release|Any CPU
		{182A4A86-000D-461E-8756-4BABADFF03AC}.Release|Any CPU.Build.0 = Release|Any CPU
	EndGlobalSection
	GlobalSection(SolutionProperties) = preSolution
		HideSolutionNode = FALSE
	EndGlobalSection
EndGlobal
